#MicroXplorer Configuration settings - do not modify
Mcu.Family=STM32L4
ProjectManager.MainLocation=Src
PA6.Mode=Full_Duplex_Master
RCC.USART1Freq_Value=80000000
PC7.GPIOParameters=GPIO_Speed,PinState,GPIO_PuPd,GPIO_Label,GPIO_ModeDefaultOutputPP
RCC.SAI1Freq_Value=18285714.285714287
USART2.IPParameters=BaudRate,WordLength,Parity,StopBits,Mode,OverSampling,VirtualMode-Asynchronous
RCC.CortexFreq_Value=80000000
ProjectManager.KeepUserCode=true
Mcu.UserName=STM32L476RGTx
SPI1.VirtualType=VM_MASTER
SH.GPXTI9.0=GPIO_EXTI9
RCC.PLLSAI1RoutputFreq_Value=64000000
USART2.Parity=PARITY_NONE
PC7.Locked=true
ProjectManager.functionlistsort=1-MX_GPIO_Init-GPIO-false-HAL-true,2-SystemClock_Config-RCC-false-HAL-true,3-MX_SPI1_Init-SPI1-false-HAL-true,4-MX_USART2_UART_Init-USART2-false-HAL-true,5-MX_I2C1_Init-I2C1-false-HAL-true
PA9.GPIOParameters=GPIO_Label,GPIO_ModeDefaultEXTI
PB6.GPIO_Label=nRF24_CE
RCC.USART2Freq_Value=80000000
SPI1.TIMode=SPI_TIMODE_DISABLE
PinOutPanel.RotationAngle=0
RCC.MCO1PinFreq_Value=80000000
RCC.SYSCLKSource=RCC_SYSCLKSOURCE_PLLCLK
ProjectManager.StackSize=0x600
PA14\ (JTCK-SWCLK).Signal=SYS_JTCK-SWCLK
RCC.I2C3Freq_Value=80000000
RCC.LPTIM1Freq_Value=80000000
Mcu.IP4=SYS
RCC.FCLKCortexFreq_Value=80000000
Mcu.IP5=USART2
NVIC.SVCall_IRQn=true\:0\:0\:false\:false\:true\:true\:false
Mcu.IP2=RCC
Mcu.IP3=SPI1
Mcu.IP0=I2C1
Mcu.IP1=NVIC
SPI1.CLKPolarity=SPI_POLARITY_LOW
Mcu.UserConstants=
RCC.VCOSAI1OutputFreq_Value=128000000
RCC.SDMMCFreq_Value=64000000
Mcu.ThirdPartyNb=0
SPI1.Direction=SPI_DIRECTION_2LINES
RCC.HCLKFreq_Value=80000000
Mcu.IPNb=6
ProjectManager.PreviousToolchain=STM32CubeIDE
RCC.APB2TimFreq_Value=80000000
PB6.Signal=GPIO_Output
PC7.Signal=GPIO_Output
SPI1.CalculateBaudRate=5.0 MBits/s
Mcu.Pin6=PA9
RCC.SAI2Freq_Value=18285714.285714287
Mcu.Pin7=PA13 (JTMS-SWDIO)
Mcu.Pin8=PA14 (JTCK-SWCLK)
Mcu.Pin9=PB6
RCC.AHBFreq_Value=80000000
Mcu.Pin0=PA2
Mcu.Pin1=PA3
Mcu.Pin2=PA5
Mcu.Pin3=PA6
RCC.USART3Freq_Value=80000000
Mcu.Pin4=PA7
Mcu.Pin5=PC7
ProjectManager.ProjectBuild=false
RCC.HSE_VALUE=8000000
NVIC.UsageFault_IRQn=true\:0\:0\:false\:false\:false\:true\:false
NVIC.DebugMonitor_IRQn=true\:0\:0\:false\:false\:false\:true\:false
USART2.VirtualMode-Asynchronous=VM_ASYNC
NVIC.SysTick_IRQn=true\:0\:0\:false\:false\:true\:true\:true
USART2.OverSampling=UART_OVERSAMPLING_16
ProjectManager.FirmwarePackage=STM32Cube FW_L4 V1.16.0
MxDb.Version=DB.6.0.10
ProjectManager.BackupPrevious=false
RCC.VCOInputFreq_Value=16000000
SPI1.DataSize=SPI_DATASIZE_8BIT
File.Version=6
PC7.PinState=GPIO_PIN_SET
PB8.Locked=true
RCC.PLLRCLKFreq_Value=80000000
PB6.Locked=true
NVIC.PendSV_IRQn=true\:0\:0\:false\:false\:true\:true\:false
SPI1.FirstBit=SPI_FIRSTBIT_MSB
SPI1.NSS=SPI_NSS_SOFT
PB6.GPIOParameters=GPIO_Speed,PinState,GPIO_PuPd,GPIO_Label,GPIO_ModeDefaultOutputPP
ProjectManager.HalAssertFull=false
ProjectManager.ProjectName=NRF_RX_Temp_l476rg_ssd1306
Mcu.Package=LQFP64
PB9.Signal=I2C1_SDA
PA6.Signal=SPI1_MISO
ProjectManager.ToolChainLocation=
PB6.GPIO_ModeDefaultOutputPP=GPIO_MODE_OUTPUT_PP
RCC.LSI_VALUE=32000
VP_SYS_VS_Systick.Signal=SYS_VS_Systick
RCC.LSCOPinFreq_Value=32000
RCC.DFSDMFreq_Value=80000000
USART2.WordLength=WORDLENGTH_8B
RCC.PLLPoutputFreq_Value=22857142.85714286
RCC.APB1TimFreq_Value=80000000
NVIC.BusFault_IRQn=true\:0\:0\:false\:false\:false\:true\:false
RCC.LPUART1Freq_Value=80000000
PA13\ (JTMS-SWDIO).Signal=SYS_JTMS-SWDIO
SPI1.BaudRatePrescaler=SPI_BAUDRATEPRESCALER_16
ProjectManager.CustomerFirmwarePackage=
PA3.Signal=USART2_RX
PA5.Mode=Full_Duplex_Master
RCC.MSI_VALUE=4000000
RCC.PLLSourceVirtual=RCC_PLLSOURCE_HSI
PC7.GPIO_ModeDefaultOutputPP=GPIO_MODE_OUTPUT_PP
PA14\ (JTCK-SWCLK).Mode=Serial_Wire
RCC.PLLQoutputFreq_Value=80000000
ProjectManager.ProjectFileName=NRF_RX_Temp_l476rg_ssd1306.ioc
PA7.Mode=Full_Duplex_Master
Mcu.PinsNb=13
ProjectManager.NoMain=false
SPI1.IPParameters=TIMode,DataSize,FirstBit,BaudRatePrescaler,CLKPolarity,CLKPhase,CRCCalculation,NSS,VirtualType,Mode,Direction,CalculateBaudRate
PA9.GPIO_Label=nRF24_INT
RCC.SWPMI1Freq_Value=80000000
PB6.GPIO_PuPd=GPIO_NOPULL
RCC.RCC_TIM_PRescaler_Selection=RCC_TIMPRES_DESACTIVATED
ProjectManager.DefaultFWLocation=true
SPI1.CLKPhase=SPI_PHASE_1EDGE
ProjectManager.DeletePrevious=true
RCC.VCOSAI2OutputFreq_Value=128000000
USART2.BaudRate=115200
RCC.FamilyName=M
PA3.Mode=Asynchronous
ProjectManager.TargetToolchain=STM32CubeIDE
PB9.Mode=I2C
PA9.Signal=GPXTI9
PB9.Locked=true
ProjectManager.RegisterCallBack=
RCC.USBFreq_Value=64000000
PC7.GPIO_PuPd=GPIO_NOPULL
RCC.LSE_VALUE=32768
RCC.PLLSAI1PoutputFreq_Value=18285714.285714287
RCC.PLLSAI2RoutputFreq_Value=64000000
PA5.Signal=SPI1_SCK
board=STM32F746G-DISCO
PC7.GPIO_Speed=GPIO_SPEED_FREQ_VERY_HIGH
RCC.VCOOutputFreq_Value=160000000
ProjectManager.LastFirmware=true
RCC.APB2Freq_Value=80000000
RCC.UART4Freq_Value=80000000
SPI1.CRCCalculation=SPI_CRCCALCULATION_DISABLE
USART2.StopBits=STOPBITS_1
MxCube.Version=6.1.1
RCC.I2C1Freq_Value=80000000
SPI1.Mode=SPI_MODE_MASTER
RCC.RNGFreq_Value=64000000
RCC.PLLSAI1QoutputFreq_Value=64000000
RCC.ADCFreq_Value=64000000
VP_SYS_VS_Systick.Mode=SysTick
PA9.Locked=true
NVIC.NonMaskableInt_IRQn=true\:0\:0\:false\:false\:false\:true\:false
RCC.UART5Freq_Value=80000000
ProjectManager.FreePins=false
RCC.IPParameters=ADCFreq_Value,AHBFreq_Value,APB1Freq_Value,APB1TimFreq_Value,APB2Freq_Value,APB2TimFreq_Value,CortexFreq_Value,DFSDMFreq_Value,FCLKCortexFreq_Value,FamilyName,HCLKFreq_Value,HSE_VALUE,HSI_VALUE,I2C1Freq_Value,I2C2Freq_Value,I2C3Freq_Value,LPTIM1Freq_Value,LPTIM2Freq_Value,LPUART1Freq_Value,LSCOPinFreq_Value,LSE_VALUE,LSI_VALUE,MCO1PinFreq_Value,MSI_VALUE,PLLN,PLLPoutputFreq_Value,PLLQoutputFreq_Value,PLLRCLKFreq_Value,PLLSAI1PoutputFreq_Value,PLLSAI1QoutputFreq_Value,PLLSAI1RoutputFreq_Value,PLLSAI2PoutputFreq_Value,PLLSAI2RoutputFreq_Value,PLLSourceVirtual,PWRFreq_Value,RCC_TIM_PRescaler_Selection,RNGFreq_Value,SAI1Freq_Value,SAI2Freq_Value,SDMMCFreq_Value,SWPMI1Freq_Value,SYSCLKFreq_VALUE,SYSCLKSource,UART4Freq_Value,UART5Freq_Value,USART1Freq_Value,USART2Freq_Value,USART3Freq_Value,USBFreq_Value,VCOInputFreq_Value,VCOOutputFreq_Value,VCOSAI1OutputFreq_Value,VCOSAI2OutputFreq_Value
ProjectManager.AskForMigrate=true
Mcu.Name=STM32L476R(C-E-G)Tx
RCC.LPTIM2Freq_Value=80000000
PA2.Signal=USART2_TX
ProjectManager.UnderRoot=true
PC7.GPIO_Label=nRF24_nSS
ProjectManager.CoupleFile=true
PA13\ (JTMS-SWDIO).Mode=Serial_Wire
RCC.SYSCLKFreq_VALUE=80000000
NVIC.ForceEnableDMAVector=true
RCC.PLLSAI2PoutputFreq_Value=18285714.285714287
KeepUserPlacement=false
NVIC.MemoryManagement_IRQn=true\:0\:0\:false\:false\:false\:true\:false
ProjectManager.CompilerOptimize=2
PB6.PinState=GPIO_PIN_SET
NVIC.EXTI9_5_IRQn=true\:0\:0\:false\:false\:true\:true\:true
SH.GPXTI9.ConfNb=1
ProjectManager.HeapSize=0x400
NVIC.HardFault_IRQn=true\:0\:0\:false\:false\:false\:true\:false
ProjectManager.ComputerToolchain=false
RCC.HSI_VALUE=16000000
NVIC.PriorityGroup=NVIC_PRIORITYGROUP_2
Mcu.Pin11=PB9
Mcu.Pin12=VP_SYS_VS_Systick
RCC.PLLN=10
PB8.Mode=I2C
Mcu.Pin10=PB8
PA9.GPIO_ModeDefaultEXTI=GPIO_MODE_IT_FALLING
PA2.Mode=Asynchronous
PB8.Signal=I2C1_SCL
RCC.PWRFreq_Value=80000000
PB6.GPIO_Speed=GPIO_SPEED_FREQ_VERY_HIGH
RCC.I2C2Freq_Value=80000000
RCC.APB1Freq_Value=80000000
USART2.Mode=MODE_TX_RX
ProjectManager.DeviceId=STM32L476RGTx
ProjectManager.LibraryCopy=1
PA7.Signal=SPI1_MOSI
